
Microsoft Visual Studio Solution File, Format Version 12.00
# Visual Studio Version 16
VisualStudioVersion = 16.0.30717.126
MinimumVisualStudioVersion = 10.0.40219.1
Project("{FAE04EC0-301F-11D3-BF4B-00C04F79EFBC}") = "Calculator", "Calculator\Calculator.csproj", "{FCC3B558-4DB9-4654-B475-F19BE90ABAC2}"
EndProject
Global
	GlobalSection(SolutionConfigurationPlatforms) = preSolution
		Debug|Any CPU = Debug|Any CPU
		Release|Any CPU = Release|Any CPU
	EndGlobalSection
	GlobalSection(ProjectConfigurationPlatforms) = postSolution
		{FCC3B558-4DB9-4654-B475-F19BE90ABAC2}.Debug|Any CPU.ActiveCfg = Debug|Any CPU
		{FCC3B558-4DB9-4654-B475-F19BE90ABAC2}.Debug|Any CPU.Build.0 = Debug|Any CPU
		{FCC3B558-4DB9-4654-B475-F19BE90ABAC2}.Release|Any CPU.ActiveCfg = Release|Any CPU
		{FCC3B558-4DB9-4654-B475-F19BE90ABAC2}.Release|Any CPU.Build.0 = Release|Any CPU
	EndGlobalSection
	GlobalSection(SolutionProperties) = preSolution
		HideSolutionNode = FALSE
	EndGlobalSection
	GlobalSection(ExtensibilityGlobals) = postSolution
		SolutionGuid = {1B02C3ED-DE49-4E2D-94A6-38190D11DE0F}
	EndGlobalSection
EndGlobal
